
Microsoft Visual Studio Solution File, Format Version 12.00
# Visual Studio Version 17
VisualStudioVersion = 17.3.32825.248
MinimumVisualStudioVersion = 10.0.40219.1
Project("{9A19103F-16F7-4668-BE54-9A1E7A4F7556}") = "Wistu.Lib.ClassifyModel", "Wistu.Lib.ClassifyModel\Wistu.Lib.ClassifyModel.csproj", "{B12D3730-6437-40DC-96F3-5A587F659254}"
EndProject
Project("{9A19103F-16F7-4668-BE54-9A1E7A4F7556}") = "Tile Classifier", "Tile Classifier\Tile Classifier.csproj", "{DFA1134D-E42A-48BF-9009-0A5B476E97B8}"
EndProject
Global
	GlobalSection(SolutionConfigurationPlatforms) = preSolution
		Debug|Any CPU = Debug|Any CPU
		Release|Any CPU = Release|Any CPU
	EndGlobalSection
	GlobalSection(ProjectConfigurationPlatforms) = postSolution
		{B12D3730-6437-40DC-96F3-5A587F659254}.Debug|Any CPU.ActiveCfg = Debug|Any CPU
		{B12D3730-6437-40DC-96F3-5A587F659254}.Debug|Any CPU.Build.0 = Debug|Any CPU
		{B12D3730-6437-40DC-96F3-5A587F659254}.Release|Any CPU.ActiveCfg = Release|Any CPU
		{B12D3730-6437-40DC-96F3-5A587F659254}.Release|Any CPU.Build.0 = Release|Any CPU
		{4049B491-4C97-4ADE-9E8F-40C28B44A377}.Debug|Any CPU.ActiveCfg = Debug|Any CPU
		{4049B491-4C97-4ADE-9E8F-40C28B44A377}.Debug|Any CPU.Build.0 = Debug|Any CPU
		{4049B491-4C97-4ADE-9E8F-40C28B44A377}.Release|Any CPU.ActiveCfg = Release|Any CPU
		{4049B491-4C97-4ADE-9E8F-40C28B44A377}.Release|Any CPU.Build.0 = Release|Any CPU
		{DFA1134D-E42A-48BF-9009-0A5B476E97B8}.Debug|Any CPU.ActiveCfg = Debug|Any CPU
		{DFA1134D-E42A-48BF-9009-0A5B476E97B8}.Debug|Any CPU.Build.0 = Debug|Any CPU
		{DFA1134D-E42A-48BF-9009-0A5B476E97B8}.Release|Any CPU.ActiveCfg = Release|Any CPU
		{DFA1134D-E42A-48BF-9009-0A5B476E97B8}.Release|Any CPU.Build.0 = Release|Any CPU
	EndGlobalSection
	GlobalSection(SolutionProperties) = preSolution
		HideSolutionNode = FALSE
	EndGlobalSection
	GlobalSection(ExtensibilityGlobals) = postSolution
		SolutionGuid = {125A4DC6-3686-42B8-B836-DCA90F36C4AB}
	EndGlobalSection
EndGlobal
